
Microsoft Visual Studio Solution File, Format Version 12.00
# Visual Studio 2012
Project("{FAE04EC0-301F-11D3-BF4B-00C04F79EFBC}") = "002ConstantValue", "002ConstantValue\002ConstantValue.csproj", "{A57401FA-E523-4E97-9B1E-9FD9DC06FCD3}"
EndProject
Global
	GlobalSection(SolutionConfigurationPlatforms) = preSolution
		Debug|Any CPU = Debug|Any CPU
		Release|Any CPU = Release|Any CPU
	EndGlobalSection
	GlobalSection(ProjectConfigurationPlatforms) = postSolution
		{A57401FA-E523-4E97-9B1E-9FD9DC06FCD3}.Debug|Any CPU.ActiveCfg = Debug|Any CPU
		{A57401FA-E523-4E97-9B1E-9FD9DC06FCD3}.Debug|Any CPU.Build.0 = Debug|Any CPU
		{A57401FA-E523-4E97-9B1E-9FD9DC06FCD3}.Release|Any CPU.ActiveCfg = Release|Any CPU
		{A57401FA-E523-4E97-9B1E-9FD9DC06FCD3}.Release|Any CPU.Build.0 = Release|Any CPU
	EndGlobalSection
	GlobalSection(SolutionProperties) = preSolution
		HideSolutionNode = FALSE
	EndGlobalSection
EndGlobal
