
Microsoft Visual Studio Solution File, Format Version 12.00
# Visual Studio 2012
Project("{FAE04EC0-301F-11D3-BF4B-00C04F79EFBC}") = "020StaticModifier", "020StaticModifier\020StaticModifier.csproj", "{750D2D23-2768-4986-BAB6-F9B984C6F036}"
EndProject
Global
	GlobalSection(SolutionConfigurationPlatforms) = preSolution
		Debug|Any CPU = Debug|Any CPU
		Release|Any CPU = Release|Any CPU
	EndGlobalSection
	GlobalSection(ProjectConfigurationPlatforms) = postSolution
		{750D2D23-2768-4986-BAB6-F9B984C6F036}.Debug|Any CPU.ActiveCfg = Debug|Any CPU
		{750D2D23-2768-4986-BAB6-F9B984C6F036}.Debug|Any CPU.Build.0 = Debug|Any CPU
		{750D2D23-2768-4986-BAB6-F9B984C6F036}.Release|Any CPU.ActiveCfg = Release|Any CPU
		{750D2D23-2768-4986-BAB6-F9B984C6F036}.Release|Any CPU.Build.0 = Release|Any CPU
	EndGlobalSection
	GlobalSection(SolutionProperties) = preSolution
		HideSolutionNode = FALSE
	EndGlobalSection
EndGlobal
