
Microsoft Visual Studio Solution File, Format Version 12.00
# Visual Studio 2012
Project("{FAE04EC0-301F-11D3-BF4B-00C04F79EFBC}") = "018Object", "018Object\018Object.csproj", "{AE613AF1-BD9C-495E-9082-4DCBE6EBDD8C}"
EndProject
Global
	GlobalSection(SolutionConfigurationPlatforms) = preSolution
		Debug|Any CPU = Debug|Any CPU
		Release|Any CPU = Release|Any CPU
	EndGlobalSection
	GlobalSection(ProjectConfigurationPlatforms) = postSolution
		{AE613AF1-BD9C-495E-9082-4DCBE6EBDD8C}.Debug|Any CPU.ActiveCfg = Debug|Any CPU
		{AE613AF1-BD9C-495E-9082-4DCBE6EBDD8C}.Debug|Any CPU.Build.0 = Debug|Any CPU
		{AE613AF1-BD9C-495E-9082-4DCBE6EBDD8C}.Release|Any CPU.ActiveCfg = Release|Any CPU
		{AE613AF1-BD9C-495E-9082-4DCBE6EBDD8C}.Release|Any CPU.Build.0 = Release|Any CPU
	EndGlobalSection
	GlobalSection(SolutionProperties) = preSolution
		HideSolutionNode = FALSE
	EndGlobalSection
EndGlobal
