
Microsoft Visual Studio Solution File, Format Version 12.00
# Visual Studio 2012
Project("{FAE04EC0-301F-11D3-BF4B-00C04F79EFBC}") = "001MyFirstProgram", "001MyFirstProgram\001MyFirstProgram.csproj", "{56C1255F-3E1A-4C93-B62E-707BA6CE502E}"
EndProject
Global
	GlobalSection(SolutionConfigurationPlatforms) = preSolution
		Debug|Any CPU = Debug|Any CPU
		Release|Any CPU = Release|Any CPU
	EndGlobalSection
	GlobalSection(ProjectConfigurationPlatforms) = postSolution
		{56C1255F-3E1A-4C93-B62E-707BA6CE502E}.Debug|Any CPU.ActiveCfg = Debug|Any CPU
		{56C1255F-3E1A-4C93-B62E-707BA6CE502E}.Debug|Any CPU.Build.0 = Debug|Any CPU
		{56C1255F-3E1A-4C93-B62E-707BA6CE502E}.Release|Any CPU.ActiveCfg = Release|Any CPU
		{56C1255F-3E1A-4C93-B62E-707BA6CE502E}.Release|Any CPU.Build.0 = Release|Any CPU
	EndGlobalSection
	GlobalSection(SolutionProperties) = preSolution
		HideSolutionNode = FALSE
	EndGlobalSection
EndGlobal
