
Microsoft Visual Studio Solution File, Format Version 12.00
# Visual Studio 2012
Project("{FAE04EC0-301F-11D3-BF4B-00C04F79EFBC}") = "015Exception", "015Exception\015Exception.csproj", "{B4284A77-196E-4530-8C41-111BB96AE761}"
EndProject
Global
	GlobalSection(SolutionConfigurationPlatforms) = preSolution
		Debug|Any CPU = Debug|Any CPU
		Release|Any CPU = Release|Any CPU
	EndGlobalSection
	GlobalSection(ProjectConfigurationPlatforms) = postSolution
		{B4284A77-196E-4530-8C41-111BB96AE761}.Debug|Any CPU.ActiveCfg = Debug|Any CPU
		{B4284A77-196E-4530-8C41-111BB96AE761}.Debug|Any CPU.Build.0 = Debug|Any CPU
		{B4284A77-196E-4530-8C41-111BB96AE761}.Release|Any CPU.ActiveCfg = Release|Any CPU
		{B4284A77-196E-4530-8C41-111BB96AE761}.Release|Any CPU.Build.0 = Release|Any CPU
	EndGlobalSection
	GlobalSection(SolutionProperties) = preSolution
		HideSolutionNode = FALSE
	EndGlobalSection
EndGlobal
