
Microsoft Visual Studio Solution File, Format Version 12.00
# Visual Studio 2012
Project("{FAE04EC0-301F-11D3-BF4B-00C04F79EFBC}") = "027ToString", "027ToString\027ToString.csproj", "{06024FBD-C194-4BE6-A09B-73CA53A65BFB}"
EndProject
Global
	GlobalSection(SolutionConfigurationPlatforms) = preSolution
		Debug|Any CPU = Debug|Any CPU
		Release|Any CPU = Release|Any CPU
	EndGlobalSection
	GlobalSection(ProjectConfigurationPlatforms) = postSolution
		{06024FBD-C194-4BE6-A09B-73CA53A65BFB}.Debug|Any CPU.ActiveCfg = Debug|Any CPU
		{06024FBD-C194-4BE6-A09B-73CA53A65BFB}.Debug|Any CPU.Build.0 = Debug|Any CPU
		{06024FBD-C194-4BE6-A09B-73CA53A65BFB}.Release|Any CPU.ActiveCfg = Release|Any CPU
		{06024FBD-C194-4BE6-A09B-73CA53A65BFB}.Release|Any CPU.Build.0 = Release|Any CPU
	EndGlobalSection
	GlobalSection(SolutionProperties) = preSolution
		HideSolutionNode = FALSE
	EndGlobalSection
EndGlobal
