
Microsoft Visual Studio Solution File, Format Version 12.00
# Visual Studio 2012
Project("{FAE04EC0-301F-11D3-BF4B-00C04F79EFBC}") = "031ConsoleApplication1", "031ConsoleApplication1\031ConsoleApplication1.csproj", "{93140F13-CC87-4CAC-9FD8-57727AA59BBE}"
EndProject
Global
	GlobalSection(SolutionConfigurationPlatforms) = preSolution
		Debug|Any CPU = Debug|Any CPU
		Release|Any CPU = Release|Any CPU
	EndGlobalSection
	GlobalSection(ProjectConfigurationPlatforms) = postSolution
		{93140F13-CC87-4CAC-9FD8-57727AA59BBE}.Debug|Any CPU.ActiveCfg = Debug|Any CPU
		{93140F13-CC87-4CAC-9FD8-57727AA59BBE}.Debug|Any CPU.Build.0 = Debug|Any CPU
		{93140F13-CC87-4CAC-9FD8-57727AA59BBE}.Release|Any CPU.ActiveCfg = Release|Any CPU
		{93140F13-CC87-4CAC-9FD8-57727AA59BBE}.Release|Any CPU.Build.0 = Release|Any CPU
	EndGlobalSection
	GlobalSection(SolutionProperties) = preSolution
		HideSolutionNode = FALSE
	EndGlobalSection
EndGlobal
