
Microsoft Visual Studio Solution File, Format Version 12.00
# Visual Studio 2012
Project("{FAE04EC0-301F-11D3-BF4B-00C04F79EFBC}") = "037ConsoleApplication1", "037ConsoleApplication1\037ConsoleApplication1.csproj", "{AF24D579-0238-419A-A4DC-ED64EDE6D3F1}"
EndProject
Global
	GlobalSection(SolutionConfigurationPlatforms) = preSolution
		Debug|Any CPU = Debug|Any CPU
		Release|Any CPU = Release|Any CPU
	EndGlobalSection
	GlobalSection(ProjectConfigurationPlatforms) = postSolution
		{AF24D579-0238-419A-A4DC-ED64EDE6D3F1}.Debug|Any CPU.ActiveCfg = Debug|Any CPU
		{AF24D579-0238-419A-A4DC-ED64EDE6D3F1}.Debug|Any CPU.Build.0 = Debug|Any CPU
		{AF24D579-0238-419A-A4DC-ED64EDE6D3F1}.Release|Any CPU.ActiveCfg = Release|Any CPU
		{AF24D579-0238-419A-A4DC-ED64EDE6D3F1}.Release|Any CPU.Build.0 = Release|Any CPU
	EndGlobalSection
	GlobalSection(SolutionProperties) = preSolution
		HideSolutionNode = FALSE
	EndGlobalSection
EndGlobal
