
Microsoft Visual Studio Solution File, Format Version 12.00
# Visual Studio 2012
Project("{FAE04EC0-301F-11D3-BF4B-00C04F79EFBC}") = "008Switch", "008Switch\008Switch.csproj", "{89A54E24-0046-419D-8679-809586D97817}"
EndProject
Global
	GlobalSection(SolutionConfigurationPlatforms) = preSolution
		Debug|Any CPU = Debug|Any CPU
		Release|Any CPU = Release|Any CPU
	EndGlobalSection
	GlobalSection(ProjectConfigurationPlatforms) = postSolution
		{89A54E24-0046-419D-8679-809586D97817}.Debug|Any CPU.ActiveCfg = Debug|Any CPU
		{89A54E24-0046-419D-8679-809586D97817}.Debug|Any CPU.Build.0 = Debug|Any CPU
		{89A54E24-0046-419D-8679-809586D97817}.Release|Any CPU.ActiveCfg = Release|Any CPU
		{89A54E24-0046-419D-8679-809586D97817}.Release|Any CPU.Build.0 = Release|Any CPU
	EndGlobalSection
	GlobalSection(SolutionProperties) = preSolution
		HideSolutionNode = FALSE
	EndGlobalSection
EndGlobal
