
Microsoft Visual Studio Solution File, Format Version 12.00
# Visual Studio 2012
Project("{FAE04EC0-301F-11D3-BF4B-00C04F79EFBC}") = "025ObjectAsArgument", "025ObjectAsArgument\025ObjectAsArgument.csproj", "{86D275EE-0003-4040-B5EA-5C1790154CBC}"
EndProject
Global
	GlobalSection(SolutionConfigurationPlatforms) = preSolution
		Debug|Any CPU = Debug|Any CPU
		Release|Any CPU = Release|Any CPU
	EndGlobalSection
	GlobalSection(ProjectConfigurationPlatforms) = postSolution
		{86D275EE-0003-4040-B5EA-5C1790154CBC}.Debug|Any CPU.ActiveCfg = Debug|Any CPU
		{86D275EE-0003-4040-B5EA-5C1790154CBC}.Debug|Any CPU.Build.0 = Debug|Any CPU
		{86D275EE-0003-4040-B5EA-5C1790154CBC}.Release|Any CPU.ActiveCfg = Release|Any CPU
		{86D275EE-0003-4040-B5EA-5C1790154CBC}.Release|Any CPU.Build.0 = Release|Any CPU
	EndGlobalSection
	GlobalSection(SolutionProperties) = preSolution
		HideSolutionNode = FALSE
	EndGlobalSection
EndGlobal
