
Microsoft Visual Studio Solution File, Format Version 12.00
# Visual Studio 2012
Project("{FAE04EC0-301F-11D3-BF4B-00C04F79EFBC}") = "022Inheritance", "022Inheritance\022Inheritance.csproj", "{2788BE4D-5FF0-4EE1-B47F-F2F88A2C7A62}"
EndProject
Global
	GlobalSection(SolutionConfigurationPlatforms) = preSolution
		Debug|Any CPU = Debug|Any CPU
		Release|Any CPU = Release|Any CPU
	EndGlobalSection
	GlobalSection(ProjectConfigurationPlatforms) = postSolution
		{2788BE4D-5FF0-4EE1-B47F-F2F88A2C7A62}.Debug|Any CPU.ActiveCfg = Debug|Any CPU
		{2788BE4D-5FF0-4EE1-B47F-F2F88A2C7A62}.Debug|Any CPU.Build.0 = Debug|Any CPU
		{2788BE4D-5FF0-4EE1-B47F-F2F88A2C7A62}.Release|Any CPU.ActiveCfg = Release|Any CPU
		{2788BE4D-5FF0-4EE1-B47F-F2F88A2C7A62}.Release|Any CPU.Build.0 = Release|Any CPU
	EndGlobalSection
	GlobalSection(SolutionProperties) = preSolution
		HideSolutionNode = FALSE
	EndGlobalSection
EndGlobal
