
Microsoft Visual Studio Solution File, Format Version 12.00
# Visual Studio 2012
Project("{FAE04EC0-301F-11D3-BF4B-00C04F79EFBC}") = "009Loop", "009Loop\009Loop.csproj", "{5BC86A9A-BAB7-4AB4-9685-33869C1631AA}"
EndProject
Global
	GlobalSection(SolutionConfigurationPlatforms) = preSolution
		Debug|Any CPU = Debug|Any CPU
		Release|Any CPU = Release|Any CPU
	EndGlobalSection
	GlobalSection(ProjectConfigurationPlatforms) = postSolution
		{5BC86A9A-BAB7-4AB4-9685-33869C1631AA}.Debug|Any CPU.ActiveCfg = Debug|Any CPU
		{5BC86A9A-BAB7-4AB4-9685-33869C1631AA}.Debug|Any CPU.Build.0 = Debug|Any CPU
		{5BC86A9A-BAB7-4AB4-9685-33869C1631AA}.Release|Any CPU.ActiveCfg = Release|Any CPU
		{5BC86A9A-BAB7-4AB4-9685-33869C1631AA}.Release|Any CPU.Build.0 = Release|Any CPU
	EndGlobalSection
	GlobalSection(SolutionProperties) = preSolution
		HideSolutionNode = FALSE
	EndGlobalSection
EndGlobal
