
Microsoft Visual Studio Solution File, Format Version 12.00
# Visual Studio 2012
Project("{FAE04EC0-301F-11D3-BF4B-00C04F79EFBC}") = "007IfElse", "007IfElse\007IfElse.csproj", "{694FEB5F-F77D-4DC4-B375-040467E35EF6}"
EndProject
Global
	GlobalSection(SolutionConfigurationPlatforms) = preSolution
		Debug|Any CPU = Debug|Any CPU
		Release|Any CPU = Release|Any CPU
	EndGlobalSection
	GlobalSection(ProjectConfigurationPlatforms) = postSolution
		{694FEB5F-F77D-4DC4-B375-040467E35EF6}.Debug|Any CPU.ActiveCfg = Debug|Any CPU
		{694FEB5F-F77D-4DC4-B375-040467E35EF6}.Debug|Any CPU.Build.0 = Debug|Any CPU
		{694FEB5F-F77D-4DC4-B375-040467E35EF6}.Release|Any CPU.ActiveCfg = Release|Any CPU
		{694FEB5F-F77D-4DC4-B375-040467E35EF6}.Release|Any CPU.Build.0 = Release|Any CPU
	EndGlobalSection
	GlobalSection(SolutionProperties) = preSolution
		HideSolutionNode = FALSE
	EndGlobalSection
EndGlobal
